
Microsoft Visual Studio Solution File, Format Version 12.00
# Visual Studio Version 17
VisualStudioVersion = 17.12.35728.132
MinimumVisualStudioVersion = 10.0.40219.1
Project("{FAE04EC0-301F-11D3-BF4B-00C04F79EFBC}") = "ProjectManagementApp", "ProjectManagementApp\ProjectManagementApp.csproj", "{01D5E901-9E6D-4113-AA05-3C9D859733CF}"
EndProject
Project("{FAE04EC0-301F-11D3-BF4B-00C04F79EFBC}") = "ProjectManagementConsole", "ProjectManagementConsole\ProjectManagementConsole.csproj", "{D0F01408-8763-4A65-B1C7-181FE03DF0E7}"
EndProject
Global
	GlobalSection(SolutionConfigurationPlatforms) = preSolution
		Debug|Any CPU = Debug|Any CPU
		Release|Any CPU = Release|Any CPU
	EndGlobalSection
	GlobalSection(ProjectConfigurationPlatforms) = postSolution
		{01D5E901-9E6D-4113-AA05-3C9D859733CF}.Debug|Any CPU.ActiveCfg = Debug|Any CPU
		{01D5E901-9E6D-4113-AA05-3C9D859733CF}.Debug|Any CPU.Build.0 = Debug|Any CPU
		{01D5E901-9E6D-4113-AA05-3C9D859733CF}.Release|Any CPU.ActiveCfg = Release|Any CPU
		{01D5E901-9E6D-4113-AA05-3C9D859733CF}.Release|Any CPU.Build.0 = Release|Any CPU
		{D0F01408-8763-4A65-B1C7-181FE03DF0E7}.Debug|Any CPU.ActiveCfg = Debug|Any CPU
		{D0F01408-8763-4A65-B1C7-181FE03DF0E7}.Debug|Any CPU.Build.0 = Debug|Any CPU
		{D0F01408-8763-4A65-B1C7-181FE03DF0E7}.Release|Any CPU.ActiveCfg = Release|Any CPU
		{D0F01408-8763-4A65-B1C7-181FE03DF0E7}.Release|Any CPU.Build.0 = Release|Any CPU
	EndGlobalSection
	GlobalSection(SolutionProperties) = preSolution
		HideSolutionNode = FALSE
	EndGlobalSection
EndGlobal
